{
  "version": 4,
  "terraform_version": "1.15.1",
  "serial": 3,
  "lineage": "c07d3c2b-9938-ead3-e179-12e7c77c1ec8",
  "outputs": {},
  "resources": [
    {
      "mode": "managed",
      "type": "aws_iam_user",
      "name": "Zeal-Vora",
      "provider": "provider[\"registry.terraform.io/hashicorp/aws\"]",
      "instances": [
        {
          "schema_version": 0,
          "attributes": {
            "arn": "arn:aws:iam::966994807536:user/Zeal-Vora",
            "force_destroy": false,
            "id": "Zeal-Vora",
            "name": "Zeal-Vora",
            "path": "/",
            "permissions_boundary": "",
            "tags": null,
            "tags_all": {},
            "unique_id": "AIDA6CJLBZLYMGP4RKLZX"
          },
          "sensitive_attributes": [],
          "identity_schema_version": 0,
          "identity": {
            "account_id": "966994807536",
            "name": "Zeal-Vora"
          },
          "private": "bnVsbA=="
        }
      ]
    },
    {
      "mode": "managed",
      "type": "aws_iam_user_policy",
      "name": "Zeal_Vora_Policy",
      "provider": "provider[\"registry.terraform.io/hashicorp/aws\"]",
      "instances": [
        {
          "schema_version": 0,
          "attributes": {
            "id": "Zeal-Vora:demo-user-policy",
            "name": "demo-user-policy",
            "name_prefix": "",
            "policy": "{\"Version\":\"2012-10-17\",\"Statement\":[{\"Action\":\"ec2:*\",\"Effect\":\"Allow\",\"Resource\":\"*\"},{\"Action\":\"elasticloadbalancing:*\",\"Effect\":\"Allow\",\"Resource\":\"*\"},{\"Action\":\"cloudwatch:*\",\"Effect\":\"Allow\",\"Resource\":\"*\"},{\"Action\":\"autoscaling:*\",\"Effect\":\"Allow\",\"Resource\":\"*\"},{\"Action\":\"iam:CreateServiceLinkedRole\",\"Condition\":{\"StringEquals\":{\"iam:AWSServiceName\":[\"autoscaling.amazonaws.com\",\"ec2scheduled.amazonaws.com\",\"elasticloadbalancing.amazonaws.com\",\"spot.amazonaws.com\",\"spotfleet.amazonaws.com\",\"transitgateway.amazonaws.com\"]}},\"Effect\":\"Allow\",\"Resource\":\"*\"}]}",
            "user": "Zeal-Vora"
          },
          "sensitive_attributes": [],
          "identity_schema_version": 0,
          "private": "bnVsbA==",
          "dependencies": [
            "aws_iam_user.Zeal-Vora"
          ]
        }
      ]
    }
  ],
  "check_results": null
}
