{
  "version": 4,
  "terraform_version": "1.15.1",
  "serial": 3,
  "lineage": "5e4ed567-2276-3326-9162-dae0690566d3",
  "outputs": {},
  "resources": [
    {
      "mode": "managed",
      "type": "github_repository",
      "name": "repository_crteation_in_GitHub_by_terraform",
      "provider": "provider[\"registry.terraform.io/integrations/github\"]",
      "instances": [
        {
          "schema_version": 1,
          "attributes": {
            "allow_auto_merge": false,
            "allow_forking": true,
            "allow_merge_commit": true,
            "allow_rebase_merge": true,
            "allow_squash_merge": true,
            "allow_update_branch": false,
            "archive_on_destroy": null,
            "archived": false,
            "auto_init": null,
            "default_branch": "master",
            "delete_branch_on_merge": false,
            "description": "My awesome codebase",
            "etag": "W/\"28cf01251bdcea47e15545b8b6d49c2c4b6c7ef96e0a4ea5aef55b7ad2c32df7\"",
            "fork": "false",
            "full_name": "Anup-Panigrahy/repository_crteation_in_GitHub_by_terraform",
            "git_clone_url": "git://github.com/Anup-Panigrahy/repository_crteation_in_GitHub_by_terraform.git",
            "gitignore_template": null,
            "has_discussions": false,
            "has_downloads": false,
            "has_issues": false,
            "has_projects": false,
            "has_wiki": false,
            "homepage_url": "",
            "html_url": "https://github.com/Anup-Panigrahy/repository_crteation_in_GitHub_by_terraform",
            "http_clone_url": "https://github.com/Anup-Panigrahy/repository_crteation_in_GitHub_by_terraform.git",
            "id": "repository_crteation_in_GitHub_by_terraform",
            "ignore_vulnerability_alerts_during_read": false,
            "is_template": false,
            "license_template": null,
            "merge_commit_message": "PR_TITLE",
            "merge_commit_title": "MERGE_MESSAGE",
            "name": "repository_crteation_in_GitHub_by_terraform",
            "node_id": "R_kgDOSSnbUw",
            "pages": [],
            "primary_language": "",
            "private": false,
            "repo_id": 1227479891,
            "security_and_analysis": [
              {
                "advanced_security": [],
                "code_security": [],
                "secret_scanning": [
                  {
                    "status": "enabled"
                  }
                ],
                "secret_scanning_ai_detection": [],
                "secret_scanning_non_provider_patterns": [],
                "secret_scanning_push_protection": [
                  {
                    "status": "enabled"
                  }
                ]
              }
            ],
            "source_owner": "",
            "source_repo": "",
            "squash_merge_commit_message": "COMMIT_MESSAGES",
            "squash_merge_commit_title": "COMMIT_OR_PR_TITLE",
            "ssh_clone_url": "git@github.com:Anup-Panigrahy/repository_crteation_in_GitHub_by_terraform.git",
            "svn_url": "https://github.com/Anup-Panigrahy/repository_crteation_in_GitHub_by_terraform",
            "template": [],
            "topics": [],
            "visibility": "public",
            "vulnerability_alerts": false,
            "web_commit_signoff_required": false
          },
          "sensitive_attributes": [],
          "identity_schema_version": 0,
          "private": "eyJzY2hlbWFfdmVyc2lvbiI6IjEifQ=="
        }
      ]
    }
  ],
  "check_results": null
}
